
Microsoft Visual Studio Solution File, Format Version 11.00
# Visual Studio 2010
Project("{8BC9CEB8-8B4A-11D0-8D11-00A0C91BC942}") = "SIP IVR", "SIP IVR\SIP IVR.vcxproj", "{0009B193-B349-4DDB-AFEF-6341B1712D3B}"
EndProject
Project("{FAE04EC0-301F-11D3-BF4B-00C04F79EFBC}") = "Short Messager", "Short Messager\Short Messager.csproj", "{0B4C6DC2-AA50-4D7D-8931-3AE5796F6C14}"
EndProject
Global
	GlobalSection(SolutionConfigurationPlatforms) = preSolution
		Debug|Mixed Platforms = Debug|Mixed Platforms
		Debug|Win32 = Debug|Win32
		Debug|x86 = Debug|x86
		Release|Mixed Platforms = Release|Mixed Platforms
		Release|Win32 = Release|Win32
		Release|x86 = Release|x86
	EndGlobalSection
	GlobalSection(ProjectConfigurationPlatforms) = postSolution
		{0009B193-B349-4DDB-AFEF-6341B1712D3B}.Debug|Mixed Platforms.ActiveCfg = Debug|Win32
		{0009B193-B349-4DDB-AFEF-6341B1712D3B}.Debug|Mixed Platforms.Build.0 = Debug|Win32
		{0009B193-B349-4DDB-AFEF-6341B1712D3B}.Debug|Win32.ActiveCfg = Debug|Win32
		{0009B193-B349-4DDB-AFEF-6341B1712D3B}.Debug|Win32.Build.0 = Debug|Win32
		{0009B193-B349-4DDB-AFEF-6341B1712D3B}.Debug|x86.ActiveCfg = Debug|Win32
		{0009B193-B349-4DDB-AFEF-6341B1712D3B}.Release|Mixed Platforms.ActiveCfg = Release|Win32
		{0009B193-B349-4DDB-AFEF-6341B1712D3B}.Release|Mixed Platforms.Build.0 = Release|Win32
		{0009B193-B349-4DDB-AFEF-6341B1712D3B}.Release|Win32.ActiveCfg = Release|Win32
		{0009B193-B349-4DDB-AFEF-6341B1712D3B}.Release|Win32.Build.0 = Release|Win32
		{0009B193-B349-4DDB-AFEF-6341B1712D3B}.Release|x86.ActiveCfg = Release|Win32
		{0B4C6DC2-AA50-4D7D-8931-3AE5796F6C14}.Debug|Mixed Platforms.ActiveCfg = Debug|x86
		{0B4C6DC2-AA50-4D7D-8931-3AE5796F6C14}.Debug|Mixed Platforms.Build.0 = Debug|x86
		{0B4C6DC2-AA50-4D7D-8931-3AE5796F6C14}.Debug|Win32.ActiveCfg = Debug|x86
		{0B4C6DC2-AA50-4D7D-8931-3AE5796F6C14}.Debug|x86.ActiveCfg = Debug|x86
		{0B4C6DC2-AA50-4D7D-8931-3AE5796F6C14}.Debug|x86.Build.0 = Debug|x86
		{0B4C6DC2-AA50-4D7D-8931-3AE5796F6C14}.Release|Mixed Platforms.ActiveCfg = Release|x86
		{0B4C6DC2-AA50-4D7D-8931-3AE5796F6C14}.Release|Mixed Platforms.Build.0 = Release|x86
		{0B4C6DC2-AA50-4D7D-8931-3AE5796F6C14}.Release|Win32.ActiveCfg = Release|x86
		{0B4C6DC2-AA50-4D7D-8931-3AE5796F6C14}.Release|x86.ActiveCfg = Release|x86
		{0B4C6DC2-AA50-4D7D-8931-3AE5796F6C14}.Release|x86.Build.0 = Release|x86
	EndGlobalSection
	GlobalSection(SolutionProperties) = preSolution
		HideSolutionNode = FALSE
	EndGlobalSection
EndGlobal
